
Microsoft Visual Studio Solution File, Format Version 12.00
# Visual Studio Version 17
VisualStudioVersion = 17.3.32825.248
MinimumVisualStudioVersion = 10.0.40219.1
Project("{9A19103F-16F7-4668-BE54-9A1E7A4F7556}") = "RecipesData", "RecipesData\RecipesData.csproj", "{618C80C5-609F-46A5-B400-CEA899BB1DA2}"
EndProject
Project("{9A19103F-16F7-4668-BE54-9A1E7A4F7556}") = "RecipeRestService", "RecipeRestService\RecipeRestService.csproj", "{4FE7DC0E-92F3-44BF-AC27-B02A503B3CF3}"
EndProject
Project("{9A19103F-16F7-4668-BE54-9A1E7A4F7556}") = "RecipeDataTest", "RecipeDataTest\RecipeDataTest.csproj", "{1E6B82F7-6DBE-4B7C-8767-EBEB911809A5}"
EndProject
Project("{FAE04EC0-301F-11D3-BF4B-00C04F79EFBC}") = "AdminPanel", "AdminPanel\AdminPanel.csproj", "{4F1EF270-00D3-4ACD-A6AF-CC35223C6786}"
EndProject
Global
	GlobalSection(SolutionConfigurationPlatforms) = preSolution
		Debug|Any CPU = Debug|Any CPU
		Release|Any CPU = Release|Any CPU
	EndGlobalSection
	GlobalSection(ProjectConfigurationPlatforms) = postSolution
		{618C80C5-609F-46A5-B400-CEA899BB1DA2}.Debug|Any CPU.ActiveCfg = Debug|Any CPU
		{618C80C5-609F-46A5-B400-CEA899BB1DA2}.Debug|Any CPU.Build.0 = Debug|Any CPU
		{618C80C5-609F-46A5-B400-CEA899BB1DA2}.Release|Any CPU.ActiveCfg = Release|Any CPU
		{618C80C5-609F-46A5-B400-CEA899BB1DA2}.Release|Any CPU.Build.0 = Release|Any CPU
		{4FE7DC0E-92F3-44BF-AC27-B02A503B3CF3}.Debug|Any CPU.ActiveCfg = Debug|Any CPU
		{4FE7DC0E-92F3-44BF-AC27-B02A503B3CF3}.Debug|Any CPU.Build.0 = Debug|Any CPU
		{4FE7DC0E-92F3-44BF-AC27-B02A503B3CF3}.Release|Any CPU.ActiveCfg = Release|Any CPU
		{4FE7DC0E-92F3-44BF-AC27-B02A503B3CF3}.Release|Any CPU.Build.0 = Release|Any CPU
		{1E6B82F7-6DBE-4B7C-8767-EBEB911809A5}.Debug|Any CPU.ActiveCfg = Debug|Any CPU
		{1E6B82F7-6DBE-4B7C-8767-EBEB911809A5}.Debug|Any CPU.Build.0 = Debug|Any CPU
		{1E6B82F7-6DBE-4B7C-8767-EBEB911809A5}.Release|Any CPU.ActiveCfg = Release|Any CPU
		{1E6B82F7-6DBE-4B7C-8767-EBEB911809A5}.Release|Any CPU.Build.0 = Release|Any CPU
		{4F1EF270-00D3-4ACD-A6AF-CC35223C6786}.Debug|Any CPU.ActiveCfg = Debug|Any CPU
		{4F1EF270-00D3-4ACD-A6AF-CC35223C6786}.Debug|Any CPU.Build.0 = Debug|Any CPU
		{4F1EF270-00D3-4ACD-A6AF-CC35223C6786}.Release|Any CPU.ActiveCfg = Release|Any CPU
		{4F1EF270-00D3-4ACD-A6AF-CC35223C6786}.Release|Any CPU.Build.0 = Release|Any CPU
	EndGlobalSection
	GlobalSection(SolutionProperties) = preSolution
		HideSolutionNode = FALSE
	EndGlobalSection
	GlobalSection(ExtensibilityGlobals) = postSolution
		SolutionGuid = {F3C860B0-A166-4971-A53C-EA8A1B74497A}
	EndGlobalSection
EndGlobal
